
Microsoft Visual Studio Solution File, Format Version 12.00
# Visual Studio Version 16
VisualStudioVersion = 16.0.29519.161
MinimumVisualStudioVersion = 10.0.40219.1
Project("{9A19103F-16F7-4668-BE54-9A1E7A4F7556}") = "PipesPlayground", "PipesPlayground\PipesPlayground.csproj", "{E84C90A2-3DB3-425E-B205-D174FF99C1A0}"
EndProject
Project("{FAE04EC0-301F-11D3-BF4B-00C04F79EFBC}") = "Benchmark", "Benchmark\Benchmark.csproj", "{FD9DF3E2-828D-4702-862D-4A4A1BC7DD5F}"
EndProject
Global
	GlobalSection(SolutionConfigurationPlatforms) = preSolution
		Debug|Any CPU = Debug|Any CPU
		Release|Any CPU = Release|Any CPU
	EndGlobalSection
	GlobalSection(ProjectConfigurationPlatforms) = postSolution
		{E84C90A2-3DB3-425E-B205-D174FF99C1A0}.Debug|Any CPU.ActiveCfg = Debug|Any CPU
		{E84C90A2-3DB3-425E-B205-D174FF99C1A0}.Debug|Any CPU.Build.0 = Debug|Any CPU
		{E84C90A2-3DB3-425E-B205-D174FF99C1A0}.Release|Any CPU.ActiveCfg = Release|Any CPU
		{E84C90A2-3DB3-425E-B205-D174FF99C1A0}.Release|Any CPU.Build.0 = Release|Any CPU
		{FD9DF3E2-828D-4702-862D-4A4A1BC7DD5F}.Debug|Any CPU.ActiveCfg = Debug|Any CPU
		{FD9DF3E2-828D-4702-862D-4A4A1BC7DD5F}.Debug|Any CPU.Build.0 = Debug|Any CPU
		{FD9DF3E2-828D-4702-862D-4A4A1BC7DD5F}.Release|Any CPU.ActiveCfg = Release|Any CPU
		{FD9DF3E2-828D-4702-862D-4A4A1BC7DD5F}.Release|Any CPU.Build.0 = Release|Any CPU
	EndGlobalSection
	GlobalSection(SolutionProperties) = preSolution
		HideSolutionNode = FALSE
	EndGlobalSection
	GlobalSection(ExtensibilityGlobals) = postSolution
		SolutionGuid = {CF116F26-A852-428D-89D5-70787EE1A3B4}
	EndGlobalSection
EndGlobal
